// !$*UTF8*$!
{
	archiveVersion = 1;
	classes = {
	};
	objectVersion = 50;
	objects = {

/* Begin PBXBuildFile section */
		23CE2B814EDFA0990274A93F /* Pods_HomeyBetaTests.framework in Frameworks */ = {isa = PBXBuildFile; fileRef = 3D72CE362DF3587C656527E9 /* Pods_HomeyBetaTests.framework */; };
		341C0980DB783F582FBD9298 /* Pods_HomeyBetaUITests.framework in Frameworks */ = {isa = PBXBuildFile; fileRef = 7F37C53FE0F9D6601399CEB8 /* Pods_HomeyBetaUITests.framework */; };
		55CE115D90C6AB69600C9936 /* Pods_HomeyBeta.framework in Frameworks */ = {isa = PBXBuildFile; fileRef = E5CA399367F91001658BDF44 /* Pods_HomeyBeta.framework */; };
		DF389D2C20E8AECC00720CD7 /* HomeMainTableViewCell.swift in Sources */ = {isa = PBXBuildFile; fileRef = DF389D2A20E8AECC00720CD7 /* HomeMainTableViewCell.swift */; };
		DF389D2D20E8AECC00720CD7 /* HomeMainTableViewCell.xib in Resources */ = {isa = PBXBuildFile; fileRef = DF389D2B20E8AECC00720CD7 /* HomeMainTableViewCell.xib */; };
		DF38BEC620DE2115004BDA8E /* MainViewController.swift in Sources */ = {isa = PBXBuildFile; fileRef = DF38BEC520DE2115004BDA8E /* MainViewController.swift */; };
		DF3A927620EDD40F00A59B1C /* ResetEmailViewController.swift in Sources */ = {isa = PBXBuildFile; fileRef = DF3A927520EDD40F00A59B1C /* ResetEmailViewController.swift */; };
		DF3AD5A320EB1F270030C69E /* Home.swift in Sources */ = {isa = PBXBuildFile; fileRef = DF3AD5A220EB1F270030C69E /* Home.swift */; };
		DF3AD5A520EB2A450030C69E /* HomeSelectionViewController.swift in Sources */ = {isa = PBXBuildFile; fileRef = DF3AD5A420EB2A450030C69E /* HomeSelectionViewController.swift */; };
		DF3AD5A720EB427B0030C69E /* AddHouseViewController.swift in Sources */ = {isa = PBXBuildFile; fileRef = DF3AD5A620EB427B0030C69E /* AddHouseViewController.swift */; };
		DF3BA7BD20E97E59000D3AAD /* HomePost.swift in Sources */ = {isa = PBXBuildFile; fileRef = DF3BA7BC20E97E59000D3AAD /* HomePost.swift */; };
		DF3BA7BF20E98018000D3AAD /* HomeMainPostViewController.swift in Sources */ = {isa = PBXBuildFile; fileRef = DF3BA7BE20E98018000D3AAD /* HomeMainPostViewController.swift */; };
		DF3BA7C120E9B2E4000D3AAD /* HomePostViewController.swift in Sources */ = {isa = PBXBuildFile; fileRef = DF3BA7C020E9B2E4000D3AAD /* HomePostViewController.swift */; };
		DF3BA7C320E9BEAD000D3AAD /* UserProfile.swift in Sources */ = {isa = PBXBuildFile; fileRef = DF3BA7C220E9BEAD000D3AAD /* UserProfile.swift */; };
		DF3BA7C520E9BEEC000D3AAD /* UserService.swift in Sources */ = {isa = PBXBuildFile; fileRef = DF3BA7C420E9BEEC000D3AAD /* UserService.swift */; };
		DF3BA7C720EA0155000D3AAD /* ImageService.swift in Sources */ = {isa = PBXBuildFile; fileRef = DF3BA7C620EA0155000D3AAD /* ImageService.swift */; };
		DF6B042220F467B50004DF07 /* messageHandlers.swift in Sources */ = {isa = PBXBuildFile; fileRef = DF6B042120F467B50004DF07 /* messageHandlers.swift */; };
		DF6EA35720DA1D1200415756 /* GoogleService-Info.plist in Resources */ = {isa = PBXBuildFile; fileRef = DF6EA35620DA1D1200415756 /* GoogleService-Info.plist */; };
		DF855BBA20DC858C007E017B /* LoginViewController.swift in Sources */ = {isa = PBXBuildFile; fileRef = DF855BB920DC858C007E017B /* LoginViewController.swift */; };
		DF855BBC20DC859C007E017B /* SignUpViewController.swift in Sources */ = {isa = PBXBuildFile; fileRef = DF855BBB20DC859C007E017B /* SignUpViewController.swift */; };
		DF9A2CD620DCC1A50079A69F /* RoundedWhiteButton.swift in Sources */ = {isa = PBXBuildFile; fileRef = DF9A2CD520DCC1A50079A69F /* RoundedWhiteButton.swift */; };
		DFFA31B320E0349A00069813 /* HelperExtensions.swift in Sources */ = {isa = PBXBuildFile; fileRef = DFFA31B220E0349A00069813 /* HelperExtensions.swift */; };
		DFFA31B720E0383500069813 /* InitialViewController.swift in Sources */ = {isa = PBXBuildFile; fileRef = DFFA31B620E0383500069813 /* InitialViewController.swift */; };
		DFFC449920DA19D400094F6F /* AppDelegate.swift in Sources */ = {isa = PBXBuildFile; fileRef = DFFC449820DA19D400094F6F /* AppDelegate.swift */; };
		DFFC449E20DA19D400094F6F /* Main.storyboard in Resources */ = {isa = PBXBuildFile; fileRef = DFFC449C20DA19D400094F6F /* Main.storyboard */; };
		DFFC44A020DA19D500094F6F /* Assets.xcassets in Resources */ = {isa = PBXBuildFile; fileRef = DFFC449F20DA19D500094F6F /* Assets.xcassets */; };
		DFFC44A320DA19D500094F6F /* LaunchScreen.storyboard in Resources */ = {isa = PBXBuildFile; fileRef = DFFC44A120DA19D500094F6F /* LaunchScreen.storyboard */; };
		DFFC44AE20DA19D500094F6F /* HomeyBetaTests.swift in Sources */ = {isa = PBXBuildFile; fileRef = DFFC44AD20DA19D500094F6F /* HomeyBetaTests.swift */; };
		DFFC44B920DA19D500094F6F /* HomeyBetaUITests.swift in Sources */ = {isa = PBXBuildFile; fileRef = DFFC44B820DA19D500094F6F /* HomeyBetaUITests.swift */; };
/* End PBXBuildFile section */

/* Begin PBXContainerItemProxy section */
		DFFC44AA20DA19D500094F6F /* PBXContainerItemProxy */ = {
			isa = PBXContainerItemProxy;
			containerPortal = DFFC448D20DA19D400094F6F /* Project object */;
			proxyType = 1;
			remoteGlobalIDString = DFFC449420DA19D400094F6F;
			remoteInfo = HomeyBeta;
		};
		DFFC44B520DA19D500094F6F /* PBXContainerItemProxy */ = {
			isa = PBXContainerItemProxy;
			containerPortal = DFFC448D20DA19D400094F6F /* Project object */;
			proxyType = 1;
			remoteGlobalIDString = DFFC449420DA19D400094F6F;
			remoteInfo = HomeyBeta;
		};
/* End PBXContainerItemProxy section */

/* Begin PBXFileReference section */
		08E255699F8B725592664039 /* Pods-HomeyBeta.release.xcconfig */ = {isa = PBXFileReference; includeInIndex = 1; lastKnownFileType = text.xcconfig; name = "Pods-HomeyBeta.release.xcconfig"; path = "Pods/Target Support Files/Pods-HomeyBeta/Pods-HomeyBeta.release.xcconfig"; sourceTree = "<group>"; };
		2297F60B4722167BAD83A2D3 /* Pods-HomeyBetaUITests.release.xcconfig */ = {isa = PBXFileReference; includeInIndex = 1; lastKnownFileType = text.xcconfig; name = "Pods-HomeyBetaUITests.release.xcconfig"; path = "Pods/Target Support Files/Pods-HomeyBetaUITests/Pods-HomeyBetaUITests.release.xcconfig"; sourceTree = "<group>"; };
		3CDF8FDF8659DFAD80321549 /* Pods-HomeyBeta.debug.xcconfig */ = {isa = PBXFileReference; includeInIndex = 1; lastKnownFileType = text.xcconfig; name = "Pods-HomeyBeta.debug.xcconfig"; path = "Pods/Target Support Files/Pods-HomeyBeta/Pods-HomeyBeta.debug.xcconfig"; sourceTree = "<group>"; };
		3D72CE362DF3587C656527E9 /* Pods_HomeyBetaTests.framework */ = {isa = PBXFileReference; explicitFileType = wrapper.framework; includeInIndex = 0; path = Pods_HomeyBetaTests.framework; sourceTree = BUILT_PRODUCTS_DIR; };
		7F37C53FE0F9D6601399CEB8 /* Pods_HomeyBetaUITests.framework */ = {isa = PBXFileReference; explicitFileType = wrapper.framework; includeInIndex = 0; path = Pods_HomeyBetaUITests.framework; sourceTree = BUILT_PRODUCTS_DIR; };
		98F222E77804989B7D05A50B /* Pods-HomeyBetaTests.debug.xcconfig */ = {isa = PBXFileReference; includeInIndex = 1; lastKnownFileType = text.xcconfig; name = "Pods-HomeyBetaTests.debug.xcconfig"; path = "Pods/Target Support Files/Pods-HomeyBetaTests/Pods-HomeyBetaTests.debug.xcconfig"; sourceTree = "<group>"; };
		B25D5E691B527AF13A33398B /* Pods-HomeyBetaUITests.debug.xcconfig */ = {isa = PBXFileReference; includeInIndex = 1; lastKnownFileType = text.xcconfig; name = "Pods-HomeyBetaUITests.debug.xcconfig"; path = "Pods/Target Support Files/Pods-HomeyBetaUITests/Pods-HomeyBetaUITests.debug.xcconfig"; sourceTree = "<group>"; };
		CB90E5F1756AA8BDC3A42A9F /* Pods-HomeyBetaTests.release.xcconfig */ = {isa = PBXFileReference; includeInIndex = 1; lastKnownFileType = text.xcconfig; name = "Pods-HomeyBetaTests.release.xcconfig"; path = "Pods/Target Support Files/Pods-HomeyBetaTests/Pods-HomeyBetaTests.release.xcconfig"; sourceTree = "<group>"; };
		DF389D2A20E8AECC00720CD7 /* HomeMainTableViewCell.swift */ = {isa = PBXFileReference; lastKnownFileType = sourcecode.swift; path = HomeMainTableViewCell.swift; sourceTree = "<group>"; };
		DF389D2B20E8AECC00720CD7 /* HomeMainTableViewCell.xib */ = {isa = PBXFileReference; lastKnownFileType = file.xib; path = HomeMainTableViewCell.xib; sourceTree = "<group>"; };
		DF38BEC520DE2115004BDA8E /* MainViewController.swift */ = {isa = PBXFileReference; lastKnownFileType = sourcecode.swift; name = MainViewController.swift; path = HomeyBeta/Views/MainViewController.swift; sourceTree = SOURCE_ROOT; };
		DF3A927520EDD40F00A59B1C /* ResetEmailViewController.swift */ = {isa = PBXFileReference; lastKnownFileType = sourcecode.swift; path = ResetEmailViewController.swift; sourceTree = "<group>"; };
		DF3AD5A220EB1F270030C69E /* Home.swift */ = {isa = PBXFileReference; lastKnownFileType = sourcecode.swift; path = Home.swift; sourceTree = "<group>"; };
		DF3AD5A420EB2A450030C69E /* HomeSelectionViewController.swift */ = {isa = PBXFileReference; lastKnownFileType = sourcecode.swift; path = HomeSelectionViewController.swift; sourceTree = "<group>"; };
		DF3AD5A620EB427B0030C69E /* AddHouseViewController.swift */ = {isa = PBXFileReference; lastKnownFileType = sourcecode.swift; path = AddHouseViewController.swift; sourceTree = "<group>"; };
		DF3BA7BC20E97E59000D3AAD /* HomePost.swift */ = {isa = PBXFileReference; lastKnownFileType = sourcecode.swift; path = HomePost.swift; sourceTree = "<group>"; };
		DF3BA7BE20E98018000D3AAD /* HomeMainPostViewController.swift */ = {isa = PBXFileReference; lastKnownFileType = sourcecode.swift; path = HomeMainPostViewController.swift; sourceTree = "<group>"; };
		DF3BA7C020E9B2E4000D3AAD /* HomePostViewController.swift */ = {isa = PBXFileReference; lastKnownFileType = sourcecode.swift; path = HomePostViewController.swift; sourceTree = "<group>"; };
		DF3BA7C220E9BEAD000D3AAD /* UserProfile.swift */ = {isa = PBXFileReference; lastKnownFileType = sourcecode.swift; path = UserProfile.swift; sourceTree = "<group>"; };
		DF3BA7C420E9BEEC000D3AAD /* UserService.swift */ = {isa = PBXFileReference; lastKnownFileType = sourcecode.swift; path = UserService.swift; sourceTree = "<group>"; };
		DF3BA7C620EA0155000D3AAD /* ImageService.swift */ = {isa = PBXFileReference; lastKnownFileType = sourcecode.swift; path = ImageService.swift; sourceTree = "<group>"; };
		DF6B042120F467B50004DF07 /* messageHandlers.swift */ = {isa = PBXFileReference; lastKnownFileType = sourcecode.swift; path = messageHandlers.swift; sourceTree = "<group>"; };
		DF6EA35620DA1D1200415756 /* GoogleService-Info.plist */ = {isa = PBXFileReference; fileEncoding = 4; lastKnownFileType = text.plist.xml; path = "GoogleService-Info.plist"; sourceTree = "<group>"; };
		DF855BB920DC858C007E017B /* LoginViewController.swift */ = {isa = PBXFileReference; lastKnownFileType = sourcecode.swift; path = LoginViewController.swift; sourceTree = "<group>"; };
		DF855BBB20DC859C007E017B /* SignUpViewController.swift */ = {isa = PBXFileReference; lastKnownFileType = sourcecode.swift; path = SignUpViewController.swift; sourceTree = "<group>"; };
		DF9A2CD520DCC1A50079A69F /* RoundedWhiteButton.swift */ = {isa = PBXFileReference; lastKnownFileType = sourcecode.swift; name = RoundedWhiteButton.swift; path = HomeyBeta/Views/Helpers/RoundedWhiteButton.swift; sourceTree = SOURCE_ROOT; };
		DFFA31B220E0349A00069813 /* HelperExtensions.swift */ = {isa = PBXFileReference; lastKnownFileType = sourcecode.swift; path = HelperExtensions.swift; sourceTree = "<group>"; };
		DFFA31B620E0383500069813 /* InitialViewController.swift */ = {isa = PBXFileReference; lastKnownFileType = sourcecode.swift; name = InitialViewController.swift; path = "/Users/jonathanlaroco/Desktop/iOS Projects/HomeyBeta/HomeyBeta/Views/InitialViewController.swift"; sourceTree = "<absolute>"; };
		DFFC449520DA19D400094F6F /* HomeyBeta.app */ = {isa = PBXFileReference; explicitFileType = wrapper.application; includeInIndex = 0; path = HomeyBeta.app; sourceTree = BUILT_PRODUCTS_DIR; };
		DFFC449820DA19D400094F6F /* AppDelegate.swift */ = {isa = PBXFileReference; lastKnownFileType = sourcecode.swift; path = AppDelegate.swift; sourceTree = "<group>"; };
		DFFC449D20DA19D400094F6F /* Base */ = {isa = PBXFileReference; lastKnownFileType = file.storyboard; name = Base; path = Base.lproj/Main.storyboard; sourceTree = "<group>"; };
		DFFC449F20DA19D500094F6F /* Assets.xcassets */ = {isa = PBXFileReference; lastKnownFileType = folder.assetcatalog; path = Assets.xcassets; sourceTree = "<group>"; };
		DFFC44A220DA19D500094F6F /* Base */ = {isa = PBXFileReference; lastKnownFileType = file.storyboard; name = Base; path = Base.lproj/LaunchScreen.storyboard; sourceTree = "<group>"; };
		DFFC44A420DA19D500094F6F /* Info.plist */ = {isa = PBXFileReference; lastKnownFileType = text.plist.xml; path = Info.plist; sourceTree = "<group>"; };
		DFFC44A920DA19D500094F6F /* HomeyBetaTests.xctest */ = {isa = PBXFileReference; explicitFileType = wrapper.cfbundle; includeInIndex = 0; path = HomeyBetaTests.xctest; sourceTree = BUILT_PRODUCTS_DIR; };
		DFFC44AD20DA19D500094F6F /* HomeyBetaTests.swift */ = {isa = PBXFileReference; lastKnownFileType = sourcecode.swift; path = HomeyBetaTests.swift; sourceTree = "<group>"; };
		DFFC44AF20DA19D500094F6F /* Info.plist */ = {isa = PBXFileReference; lastKnownFileType = text.plist.xml; path = Info.plist; sourceTree = "<group>"; };
		DFFC44B420DA19D500094F6F /* HomeyBetaUITests.xctest */ = {isa = PBXFileReference; explicitFileType = wrapper.cfbundle; includeInIndex = 0; path = HomeyBetaUITests.xctest; sourceTree = BUILT_PRODUCTS_DIR; };
		DFFC44B820DA19D500094F6F /* HomeyBetaUITests.swift */ = {isa = PBXFileReference; lastKnownFileType = sourcecode.swift; path = HomeyBetaUITests.swift; sourceTree = "<group>"; };
		DFFC44BA20DA19D500094F6F /* Info.plist */ = {isa = PBXFileReference; lastKnownFileType = text.plist.xml; path = Info.plist; sourceTree = "<group>"; };
		E5CA399367F91001658BDF44 /* Pods_HomeyBeta.framework */ = {isa = PBXFileReference; explicitFileType = wrapper.framework; includeInIndex = 0; path = Pods_HomeyBeta.framework; sourceTree = BUILT_PRODUCTS_DIR; };
/* End PBXFileReference section */

/* Begin PBXFrameworksBuildPhase section */
		DFFC449220DA19D400094F6F /* Frameworks */ = {
			isa = PBXFrameworksBuildPhase;
			buildActionMask = 2147483647;
			files = (
				55CE115D90C6AB69600C9936 /* Pods_HomeyBeta.framework in Frameworks */,
			);
			runOnlyForDeploymentPostprocessing = 0;
		};
		DFFC44A620DA19D500094F6F /* Frameworks */ = {
			isa = PBXFrameworksBuildPhase;
			buildActionMask = 2147483647;
			files = (
				23CE2B814EDFA0990274A93F /* Pods_HomeyBetaTests.framework in Frameworks */,
			);
			runOnlyForDeploymentPostprocessing = 0;
		};
		DFFC44B120DA19D500094F6F /* Frameworks */ = {
			isa = PBXFrameworksBuildPhase;
			buildActionMask = 2147483647;
			files = (
				341C0980DB783F582FBD9298 /* Pods_HomeyBetaUITests.framework in Frameworks */,
			);
			runOnlyForDeploymentPostprocessing = 0;
		};
/* End PBXFrameworksBuildPhase section */

/* Begin PBXGroup section */
		7FC833DB7CA60A3C7DAA6FFD /* Pods */ = {
			isa = PBXGroup;
			children = (
				3CDF8FDF8659DFAD80321549 /* Pods-HomeyBeta.debug.xcconfig */,
				08E255699F8B725592664039 /* Pods-HomeyBeta.release.xcconfig */,
				98F222E77804989B7D05A50B /* Pods-HomeyBetaTests.debug.xcconfig */,
				CB90E5F1756AA8BDC3A42A9F /* Pods-HomeyBetaTests.release.xcconfig */,
				B25D5E691B527AF13A33398B /* Pods-HomeyBetaUITests.debug.xcconfig */,
				2297F60B4722167BAD83A2D3 /* Pods-HomeyBetaUITests.release.xcconfig */,
			);
			name = Pods;
			sourceTree = "<group>";
		};
		8FE37046EDE14235B3E6EB1F /* Frameworks */ = {
			isa = PBXGroup;
			children = (
				E5CA399367F91001658BDF44 /* Pods_HomeyBeta.framework */,
				3D72CE362DF3587C656527E9 /* Pods_HomeyBetaTests.framework */,
				7F37C53FE0F9D6601399CEB8 /* Pods_HomeyBetaUITests.framework */,
			);
			name = Frameworks;
			sourceTree = "<group>";
		};
		DF389D2120E8AD9400720CD7 /* Table Cells */ = {
			isa = PBXGroup;
			children = (
				DF389D2A20E8AECC00720CD7 /* HomeMainTableViewCell.swift */,
				DF389D2B20E8AECC00720CD7 /* HomeMainTableViewCell.xib */,
			);
			name = "Table Cells";
			path = ../..;
			sourceTree = "<group>";
		};
		DF3BA7B920E97DEF000D3AAD /* Models */ = {
			isa = PBXGroup;
			children = (
				DF3BA7C420E9BEEC000D3AAD /* UserService.swift */,
				DF3BA7C220E9BEAD000D3AAD /* UserProfile.swift */,
				DF3AD5A220EB1F270030C69E /* Home.swift */,
				DF3BA7C620EA0155000D3AAD /* ImageService.swift */,
				DF3BA7BC20E97E59000D3AAD /* HomePost.swift */,
			);
			path = Models;
			sourceTree = "<group>";
		};
		DF855BBD20DC85A3007E017B /* Views */ = {
			isa = PBXGroup;
			children = (
				DF3A927520EDD40F00A59B1C /* ResetEmailViewController.swift */,
				DF3AD5A620EB427B0030C69E /* AddHouseViewController.swift */,
				DF3AD5A420EB2A450030C69E /* HomeSelectionViewController.swift */,
				DF3BA7C020E9B2E4000D3AAD /* HomePostViewController.swift */,
				DF3BA7BE20E98018000D3AAD /* HomeMainPostViewController.swift */,
				DF855BB920DC858C007E017B /* LoginViewController.swift */,
				DFFA31B620E0383500069813 /* InitialViewController.swift */,
				DF38BEC520DE2115004BDA8E /* MainViewController.swift */,
				DF855BBB20DC859C007E017B /* SignUpViewController.swift */,
				DF389D2120E8AD9400720CD7 /* Table Cells */,
			);
			path = Views;
			sourceTree = "<group>";
		};
		DF855BBF20DC85C0007E017B /* Storyboard */ = {
			isa = PBXGroup;
			children = (
				DFFC44A120DA19D500094F6F /* LaunchScreen.storyboard */,
				DFFC449C20DA19D400094F6F /* Main.storyboard */,
			);
			path = Storyboard;
			sourceTree = "<group>";
		};
		DF9A2CD720DCC1B20079A69F /* Helpers */ = {
			isa = PBXGroup;
			children = (
				DF9A2CD520DCC1A50079A69F /* RoundedWhiteButton.swift */,
				DFFA31B220E0349A00069813 /* HelperExtensions.swift */,
				DF6B042120F467B50004DF07 /* messageHandlers.swift */,
			);
			name = Helpers;
			path = Views/Helpers;
			sourceTree = "<group>";
		};
		DFFC448C20DA19D400094F6F = {
			isa = PBXGroup;
			children = (
				DFFC449720DA19D400094F6F /* HomeyBeta */,
				DFFC44AC20DA19D500094F6F /* HomeyBetaTests */,
				DFFC44B720DA19D500094F6F /* HomeyBetaUITests */,
				DFFC449620DA19D400094F6F /* Products */,
				7FC833DB7CA60A3C7DAA6FFD /* Pods */,
				8FE37046EDE14235B3E6EB1F /* Frameworks */,
			);
			sourceTree = "<group>";
		};
		DFFC449620DA19D400094F6F /* Products */ = {
			isa = PBXGroup;
			children = (
				DFFC449520DA19D400094F6F /* HomeyBeta.app */,
				DFFC44A920DA19D500094F6F /* HomeyBetaTests.xctest */,
				DFFC44B420DA19D500094F6F /* HomeyBetaUITests.xctest */,
			);
			name = Products;
			sourceTree = "<group>";
		};
		DFFC449720DA19D400094F6F /* HomeyBeta */ = {
			isa = PBXGroup;
			children = (
				DFFC449820DA19D400094F6F /* AppDelegate.swift */,
				DF9A2CD720DCC1B20079A69F /* Helpers */,
				DF3BA7B920E97DEF000D3AAD /* Models */,
				DF855BBD20DC85A3007E017B /* Views */,
				DFFC449F20DA19D500094F6F /* Assets.xcassets */,
				DFFC44A420DA19D500094F6F /* Info.plist */,
				DF855BBF20DC85C0007E017B /* Storyboard */,
				DF6EA35620DA1D1200415756 /* GoogleService-Info.plist */,
			);
			path = HomeyBeta;
			sourceTree = "<group>";
		};
		DFFC44AC20DA19D500094F6F /* HomeyBetaTests */ = {
			isa = PBXGroup;
			children = (
				DFFC44AD20DA19D500094F6F /* HomeyBetaTests.swift */,
				DFFC44AF20DA19D500094F6F /* Info.plist */,
			);
			path = HomeyBetaTests;
			sourceTree = "<group>";
		};
		DFFC44B720DA19D500094F6F /* HomeyBetaUITests */ = {
			isa = PBXGroup;
			children = (
				DFFC44B820DA19D500094F6F /* HomeyBetaUITests.swift */,
				DFFC44BA20DA19D500094F6F /* Info.plist */,
			);
			path = HomeyBetaUITests;
			sourceTree = "<group>";
		};
/* End PBXGroup section */

/* Begin PBXNativeTarget section */
		DFFC449420DA19D400094F6F /* HomeyBeta */ = {
			isa = PBXNativeTarget;
			buildConfigurationList = DFFC44BD20DA19D600094F6F /* Build configuration list for PBXNativeTarget "HomeyBeta" */;
			buildPhases = (
				A8C3B116CF5726D652AF6C40 /* [CP] Check Pods Manifest.lock */,
				DFFC449120DA19D400094F6F /* Sources */,
				DFFC449220DA19D400094F6F /* Frameworks */,
				DFFC449320DA19D400094F6F /* Resources */,
				4382415D8F5D505ECE52C431 /* [CP] Embed Pods Frameworks */,
			);
			buildRules = (
			);
			dependencies = (
			);
			name = HomeyBeta;
			productName = HomeyBeta;
			productReference = DFFC449520DA19D400094F6F /* HomeyBeta.app */;
			productType = "com.apple.product-type.application";
		};
		DFFC44A820DA19D500094F6F /* HomeyBetaTests */ = {
			isa = PBXNativeTarget;
			buildConfigurationList = DFFC44C020DA19D600094F6F /* Build configuration list for PBXNativeTarget "HomeyBetaTests" */;
			buildPhases = (
				3E4C6FC12B86C6BD828F1A7E /* [CP] Check Pods Manifest.lock */,
				DFFC44A520DA19D500094F6F /* Sources */,
				DFFC44A620DA19D500094F6F /* Frameworks */,
				DFFC44A720DA19D500094F6F /* Resources */,
			);
			buildRules = (
			);
			dependencies = (
				DFFC44AB20DA19D500094F6F /* PBXTargetDependency */,
			);
			name = HomeyBetaTests;
			productName = HomeyBetaTests;
			productReference = DFFC44A920DA19D500094F6F /* HomeyBetaTests.xctest */;
			productType = "com.apple.product-type.bundle.unit-test";
		};
		DFFC44B320DA19D500094F6F /* HomeyBetaUITests */ = {
			isa = PBXNativeTarget;
			buildConfigurationList = DFFC44C320DA19D600094F6F /* Build configuration list for PBXNativeTarget "HomeyBetaUITests" */;
			buildPhases = (
				A0448CAC0D06BE99AAD990DF /* [CP] Check Pods Manifest.lock */,
				DFFC44B020DA19D500094F6F /* Sources */,
				DFFC44B120DA19D500094F6F /* Frameworks */,
				DFFC44B220DA19D500094F6F /* Resources */,
			);
			buildRules = (
			);
			dependencies = (
				DFFC44B620DA19D500094F6F /* PBXTargetDependency */,
			);
			name = HomeyBetaUITests;
			productName = HomeyBetaUITests;
			productReference = DFFC44B420DA19D500094F6F /* HomeyBetaUITests.xctest */;
			productType = "com.apple.product-type.bundle.ui-testing";
		};
/* End PBXNativeTarget section */

/* Begin PBXProject section */
		DFFC448D20DA19D400094F6F /* Project object */ = {
			isa = PBXProject;
			attributes = {
				LastSwiftUpdateCheck = 0940;
				LastUpgradeCheck = 0940;
				ORGANIZATIONNAME = "Johnny Laroco";
				TargetAttributes = {
					DFFC449420DA19D400094F6F = {
						CreatedOnToolsVersion = 9.4.1;
					};
					DFFC44A820DA19D500094F6F = {
						CreatedOnToolsVersion = 9.4.1;
						TestTargetID = DFFC449420DA19D400094F6F;
					};
					DFFC44B320DA19D500094F6F = {
						CreatedOnToolsVersion = 9.4.1;
						TestTargetID = DFFC449420DA19D400094F6F;
					};
				};
			};
			buildConfigurationList = DFFC449020DA19D400094F6F /* Build configuration list for PBXProject "HomeyBeta" */;
			compatibilityVersion = "Xcode 9.3";
			developmentRegion = en;
			hasScannedForEncodings = 0;
			knownRegions = (
				en,
				Base,
			);
			mainGroup = DFFC448C20DA19D400094F6F;
			productRefGroup = DFFC449620DA19D400094F6F /* Products */;
			projectDirPath = "";
			projectRoot = "";
			targets = (
				DFFC449420DA19D400094F6F /* HomeyBeta */,
				DFFC44A820DA19D500094F6F /* HomeyBetaTests */,
				DFFC44B320DA19D500094F6F /* HomeyBetaUITests */,
			);
		};
/* End PBXProject section */

/* Begin PBXResourcesBuildPhase section */
		DFFC449320DA19D400094F6F /* Resources */ = {
			isa = PBXResourcesBuildPhase;
			buildActionMask = 2147483647;
			files = (
				DFFC44A320DA19D500094F6F /* LaunchScreen.storyboard in Resources */,
				DF389D2D20E8AECC00720CD7 /* HomeMainTableViewCell.xib in Resources */,
				DF6EA35720DA1D1200415756 /* GoogleService-Info.plist in Resources */,
				DFFC44A020DA19D500094F6F /* Assets.xcassets in Resources */,
				DFFC449E20DA19D400094F6F /* Main.storyboard in Resources */,
			);
			runOnlyForDeploymentPostprocessing = 0;
		};
		DFFC44A720DA19D500094F6F /* Resources */ = {
			isa = PBXResourcesBuildPhase;
			buildActionMask = 2147483647;
			files = (
			);
			runOnlyForDeploymentPostprocessing = 0;
		};
		DFFC44B220DA19D500094F6F /* Resources */ = {
			isa = PBXResourcesBuildPhase;
			buildActionMask = 2147483647;
			files = (
			);
			runOnlyForDeploymentPostprocessing = 0;
		};
/* End PBXResourcesBuildPhase section */

/* Begin PBXShellScriptBuildPhase section */
		3E4C6FC12B86C6BD828F1A7E /* [CP] Check Pods Manifest.lock */ = {
			isa = PBXShellScriptBuildPhase;
			buildActionMask = 2147483647;
			files = (
			);
			inputPaths = (
				"${PODS_PODFILE_DIR_PATH}/Podfile.lock",
				"${PODS_ROOT}/Manifest.lock",
			);
			name = "[CP] Check Pods Manifest.lock";
			outputPaths = (
				"$(DERIVED_FILE_DIR)/Pods-HomeyBetaTests-checkManifestLockResult.txt",
			);
			runOnlyForDeploymentPostprocessing = 0;
			shellPath = /bin/sh;
			shellScript = "diff \"${PODS_PODFILE_DIR_PATH}/Podfile.lock\" \"${PODS_ROOT}/Manifest.lock\" > /dev/null\nif [ $? != 0 ] ; then\n    # print error to STDERR\n    echo \"error: The sandbox is not in sync with the Podfile.lock. Run 'pod install' or update your CocoaPods installation.\" >&2\n    exit 1\nfi\n# This output is used by Xcode 'outputs' to avoid re-running this script phase.\necho \"SUCCESS\" > \"${SCRIPT_OUTPUT_FILE_0}\"\n";
			showEnvVarsInLog = 0;
		};
		4382415D8F5D505ECE52C431 /* [CP] Embed Pods Frameworks */ = {
			isa = PBXShellScriptBuildPhase;
			buildActionMask = 2147483647;
			files = (
			);
			inputPaths = (
				"${SRCROOT}/Pods/Target Support Files/Pods-HomeyBeta/Pods-HomeyBeta-frameworks.sh",
				"${BUILT_PRODUCTS_DIR}/GTMSessionFetcher/GTMSessionFetcher.framework",
				"${BUILT_PRODUCTS_DIR}/GoogleToolboxForMac/GoogleToolboxForMac.framework",
				"${BUILT_PRODUCTS_DIR}/leveldb-library/leveldb.framework",
				"${BUILT_PRODUCTS_DIR}/nanopb/nanopb.framework",
			);
			name = "[CP] Embed Pods Frameworks";
			outputPaths = (
				"${TARGET_BUILD_DIR}/${FRAMEWORKS_FOLDER_PATH}/GTMSessionFetcher.framework",
				"${TARGET_BUILD_DIR}/${FRAMEWORKS_FOLDER_PATH}/GoogleToolboxForMac.framework",
				"${TARGET_BUILD_DIR}/${FRAMEWORKS_FOLDER_PATH}/leveldb.framework",
				"${TARGET_BUILD_DIR}/${FRAMEWORKS_FOLDER_PATH}/nanopb.framework",
			);
			runOnlyForDeploymentPostprocessing = 0;
			shellPath = /bin/sh;
			shellScript = "\"${SRCROOT}/Pods/Target Support Files/Pods-HomeyBeta/Pods-HomeyBeta-frameworks.sh\"\n";
			showEnvVarsInLog = 0;
		};
		A0448CAC0D06BE99AAD990DF /* [CP] Check Pods Manifest.lock */ = {
			isa = PBXShellScriptBuildPhase;
			buildActionMask = 2147483647;
			files = (
			);
			inputPaths = (
				"${PODS_PODFILE_DIR_PATH}/Podfile.lock",
				"${PODS_ROOT}/Manifest.lock",
			);
			name = "[CP] Check Pods Manifest.lock";
			outputPaths = (
				"$(DERIVED_FILE_DIR)/Pods-HomeyBetaUITests-checkManifestLockResult.txt",
			);
			runOnlyForDeploymentPostprocessing = 0;
			shellPath = /bin/sh;
			shellScript = "diff \"${PODS_PODFILE_DIR_PATH}/Podfile.lock\" \"${PODS_ROOT}/Manifest.lock\" > /dev/null\nif [ $? != 0 ] ; then\n    # print error to STDERR\n    echo \"error: The sandbox is not in sync with the Podfile.lock. Run 'pod install' or update your CocoaPods installation.\" >&2\n    exit 1\nfi\n# This output is used by Xcode 'outputs' to avoid re-running this script phase.\necho \"SUCCESS\" > \"${SCRIPT_OUTPUT_FILE_0}\"\n";
			showEnvVarsInLog = 0;
		};
		A8C3B116CF5726D652AF6C40 /* [CP] Check Pods Manifest.lock */ = {
			isa = PBXShellScriptBuildPhase;
			buildActionMask = 2147483647;
			files = (
			);
			inputPaths = (
				"${PODS_PODFILE_DIR_PATH}/Podfile.lock",
				"${PODS_ROOT}/Manifest.lock",
			);
			name = "[CP] Check Pods Manifest.lock";
			outputPaths = (
				"$(DERIVED_FILE_DIR)/Pods-HomeyBeta-checkManifestLockResult.txt",
			);
			runOnlyForDeploymentPostprocessing = 0;
			shellPath = /bin/sh;
			shellScript = "diff \"${PODS_PODFILE_DIR_PATH}/Podfile.lock\" \"${PODS_ROOT}/Manifest.lock\" > /dev/null\nif [ $? != 0 ] ; then\n    # print error to STDERR\n    echo \"error: The sandbox is not in sync with the Podfile.lock. Run 'pod install' or update your CocoaPods installation.\" >&2\n    exit 1\nfi\n# This output is used by Xcode 'outputs' to avoid re-running this script phase.\necho \"SUCCESS\" > \"${SCRIPT_OUTPUT_FILE_0}\"\n";
			showEnvVarsInLog = 0;
		};
/* End PBXShellScriptBuildPhase section */

/* Begin PBXSourcesBuildPhase section */
		DFFC449120DA19D400094F6F /* Sources */ = {
			isa = PBXSourcesBuildPhase;
			buildActionMask = 2147483647;
			files = (
				DFFA31B320E0349A00069813 /* HelperExtensions.swift in Sources */,
				DF3BA7BF20E98018000D3AAD /* HomeMainPostViewController.swift in Sources */,
				DF855BBC20DC859C007E017B /* SignUpViewController.swift in Sources */,
				DF9A2CD620DCC1A50079A69F /* RoundedWhiteButton.swift in Sources */,
				DF855BBA20DC858C007E017B /* LoginViewController.swift in Sources */,
				DFFC449920DA19D400094F6F /* AppDelegate.swift in Sources */,
				DF3BA7C520E9BEEC000D3AAD /* UserService.swift in Sources */,
				DF3AD5A720EB427B0030C69E /* AddHouseViewController.swift in Sources */,
				DF3AD5A320EB1F270030C69E /* Home.swift in Sources */,
				DF38BEC620DE2115004BDA8E /* MainViewController.swift in Sources */,
				DF3BA7BD20E97E59000D3AAD /* HomePost.swift in Sources */,
				DF3BA7C320E9BEAD000D3AAD /* UserProfile.swift in Sources */,
				DFFA31B720E0383500069813 /* InitialViewController.swift in Sources */,
				DF3A927620EDD40F00A59B1C /* ResetEmailViewController.swift in Sources */,
				DF389D2C20E8AECC00720CD7 /* HomeMainTableViewCell.swift in Sources */,
				DF3BA7C120E9B2E4000D3AAD /* HomePostViewController.swift in Sources */,
				DF3AD5A520EB2A450030C69E /* HomeSelectionViewController.swift in Sources */,
				DF6B042220F467B50004DF07 /* messageHandlers.swift in Sources */,
				DF3BA7C720EA0155000D3AAD /* ImageService.swift in Sources */,
			);
			runOnlyForDeploymentPostprocessing = 0;
		};
		DFFC44A520DA19D500094F6F /* Sources */ = {
			isa = PBXSourcesBuildPhase;
			buildActionMask = 2147483647;
			files = (
				DFFC44AE20DA19D500094F6F /* HomeyBetaTests.swift in Sources */,
			);
			runOnlyForDeploymentPostprocessing = 0;
		};
		DFFC44B020DA19D500094F6F /* Sources */ = {
			isa = PBXSourcesBuildPhase;
			buildActionMask = 2147483647;
			files = (
				DFFC44B920DA19D500094F6F /* HomeyBetaUITests.swift in Sources */,
			);
			runOnlyForDeploymentPostprocessing = 0;
		};
/* End PBXSourcesBuildPhase section */

/* Begin PBXTargetDependency section */
		DFFC44AB20DA19D500094F6F /* PBXTargetDependency */ = {
			isa = PBXTargetDependency;
			target = DFFC449420DA19D400094F6F /* HomeyBeta */;
			targetProxy = DFFC44AA20DA19D500094F6F /* PBXContainerItemProxy */;
		};
		DFFC44B620DA19D500094F6F /* PBXTargetDependency */ = {
			isa = PBXTargetDependency;
			target = DFFC449420DA19D400094F6F /* HomeyBeta */;
			targetProxy = DFFC44B520DA19D500094F6F /* PBXContainerItemProxy */;
		};
/* End PBXTargetDependency section */

/* Begin PBXVariantGroup section */
		DFFC449C20DA19D400094F6F /* Main.storyboard */ = {
			isa = PBXVariantGroup;
			children = (
				DFFC449D20DA19D400094F6F /* Base */,
			);
			name = Main.storyboard;
			sourceTree = "<group>";
		};
		DFFC44A120DA19D500094F6F /* LaunchScreen.storyboard */ = {
			isa = PBXVariantGroup;
			children = (
				DFFC44A220DA19D500094F6F /* Base */,
			);
			name = LaunchScreen.storyboard;
			sourceTree = "<group>";
		};
/* End PBXVariantGroup section */

/* Begin XCBuildConfiguration section */
		DFFC44BB20DA19D600094F6F /* Debug */ = {
			isa = XCBuildConfiguration;
			buildSettings = {
				ALWAYS_SEARCH_USER_PATHS = NO;
				CLANG_ANALYZER_NONNULL = YES;
				CLANG_ANALYZER_NUMBER_OBJECT_CONVERSION = YES_AGGRESSIVE;
				CLANG_CXX_LANGUAGE_STANDARD = "gnu++14";
				CLANG_CXX_LIBRARY = "libc++";
				CLANG_ENABLE_MODULES = YES;
				CLANG_ENABLE_OBJC_ARC = YES;
				CLANG_ENABLE_OBJC_WEAK = YES;
				CLANG_WARN_BLOCK_CAPTURE_AUTORELEASING = YES;
				CLANG_WARN_BOOL_CONVERSION = YES;
				CLANG_WARN_COMMA = YES;
				CLANG_WARN_CONSTANT_CONVERSION = YES;
				CLANG_WARN_DEPRECATED_OBJC_IMPLEMENTATIONS = YES;
				CLANG_WARN_DIRECT_OBJC_ISA_USAGE = YES_ERROR;
				CLANG_WARN_DOCUMENTATION_COMMENTS = YES;
				CLANG_WARN_EMPTY_BODY = YES;
				CLANG_WARN_ENUM_CONVERSION = YES;
				CLANG_WARN_INFINITE_RECURSION = YES;
				CLANG_WARN_INT_CONVERSION = YES;
				CLANG_WARN_NON_LITERAL_NULL_CONVERSION = YES;
				CLANG_WARN_OBJC_IMPLICIT_RETAIN_SELF = YES;
				CLANG_WARN_OBJC_LITERAL_CONVERSION = YES;
				CLANG_WARN_OBJC_ROOT_CLASS = YES_ERROR;
				CLANG_WARN_RANGE_LOOP_ANALYSIS = YES;
				CLANG_WARN_STRICT_PROTOTYPES = YES;
				CLANG_WARN_SUSPICIOUS_MOVE = YES;
				CLANG_WARN_UNGUARDED_AVAILABILITY = YES_AGGRESSIVE;
				CLANG_WARN_UNREACHABLE_CODE = YES;
				CLANG_WARN__DUPLICATE_METHOD_MATCH = YES;
				CODE_SIGN_IDENTITY = "iPhone Developer";
				COPY_PHASE_STRIP = NO;
				DEBUG_INFORMATION_FORMAT = dwarf;
				ENABLE_STRICT_OBJC_MSGSEND = YES;
				ENABLE_TESTABILITY = YES;
				GCC_C_LANGUAGE_STANDARD = gnu11;
				GCC_DYNAMIC_NO_PIC = NO;
				GCC_NO_COMMON_BLOCKS = YES;
				GCC_OPTIMIZATION_LEVEL = 0;
				GCC_PREPROCESSOR_DEFINITIONS = (
					"DEBUG=1",
					"$(inherited)",
				);
				GCC_WARN_64_TO_32_BIT_CONVERSION = YES;
				GCC_WARN_ABOUT_RETURN_TYPE = YES_ERROR;
				GCC_WARN_UNDECLARED_SELECTOR = YES;
				GCC_WARN_UNINITIALIZED_AUTOS = YES_AGGRESSIVE;
				GCC_WARN_UNUSED_FUNCTION = YES;
				GCC_WARN_UNUSED_VARIABLE = YES;
				IPHONEOS_DEPLOYMENT_TARGET = 11.4;
				MTL_ENABLE_DEBUG_INFO = YES;
				ONLY_ACTIVE_ARCH = YES;
				SDKROOT = iphoneos;
				SWIFT_ACTIVE_COMPILATION_CONDITIONS = DEBUG;
				SWIFT_OPTIMIZATION_LEVEL = "-Onone";
			};
			name = Debug;
		};
		DFFC44BC20DA19D600094F6F /* Release */ = {
			isa = XCBuildConfiguration;
			buildSettings = {
				ALWAYS_SEARCH_USER_PATHS = NO;
				CLANG_ANALYZER_NONNULL = YES;
				CLANG_ANALYZER_NUMBER_OBJECT_CONVERSION = YES_AGGRESSIVE;
				CLANG_CXX_LANGUAGE_STANDARD = "gnu++14";
				CLANG_CXX_LIBRARY = "libc++";
				CLANG_ENABLE_MODULES = YES;
				CLANG_ENABLE_OBJC_ARC = YES;
				CLANG_ENABLE_OBJC_WEAK = YES;
				CLANG_WARN_BLOCK_CAPTURE_AUTORELEASING = YES;
				CLANG_WARN_BOOL_CONVERSION = YES;
				CLANG_WARN_COMMA = YES;
				CLANG_WARN_CONSTANT_CONVERSION = YES;
				CLANG_WARN_DEPRECATED_OBJC_IMPLEMENTATIONS = YES;
				CLANG_WARN_DIRECT_OBJC_ISA_USAGE = YES_ERROR;
				CLANG_WARN_DOCUMENTATION_COMMENTS = YES;
				CLANG_WARN_EMPTY_BODY = YES;
				CLANG_WARN_ENUM_CONVERSION = YES;
				CLANG_WARN_INFINITE_RECURSION = YES;
				CLANG_WARN_INT_CONVERSION = YES;
				CLANG_WARN_NON_LITERAL_NULL_CONVERSION = YES;
				CLANG_WARN_OBJC_IMPLICIT_RETAIN_SELF = YES;
				CLANG_WARN_OBJC_LITERAL_CONVERSION = YES;
				CLANG_WARN_OBJC_ROOT_CLASS = YES_ERROR;
				CLANG_WARN_RANGE_LOOP_ANALYSIS = YES;
				CLANG_WARN_STRICT_PROTOTYPES = YES;
				CLANG_WARN_SUSPICIOUS_MOVE = YES;
				CLANG_WARN_UNGUARDED_AVAILABILITY = YES_AGGRESSIVE;
				CLANG_WARN_UNREACHABLE_CODE = YES;
				CLANG_WARN__DUPLICATE_METHOD_MATCH = YES;
				CODE_SIGN_IDENTITY = "iPhone Developer";
				COPY_PHASE_STRIP = NO;
				DEBUG_INFORMATION_FORMAT = "dwarf-with-dsym";
				ENABLE_NS_ASSERTIONS = NO;
				ENABLE_STRICT_OBJC_MSGSEND = YES;
				GCC_C_LANGUAGE_STANDARD = gnu11;
				GCC_NO_COMMON_BLOCKS = YES;
				GCC_WARN_64_TO_32_BIT_CONVERSION = YES;
				GCC_WARN_ABOUT_RETURN_TYPE = YES_ERROR;
				GCC_WARN_UNDECLARED_SELECTOR = YES;
				GCC_WARN_UNINITIALIZED_AUTOS = YES_AGGRESSIVE;
				GCC_WARN_UNUSED_FUNCTION = YES;
				GCC_WARN_UNUSED_VARIABLE = YES;
				IPHONEOS_DEPLOYMENT_TARGET = 11.4;
				MTL_ENABLE_DEBUG_INFO = NO;
				SDKROOT = iphoneos;
				SWIFT_COMPILATION_MODE = wholemodule;
				SWIFT_OPTIMIZATION_LEVEL = "-O";
				VALIDATE_PRODUCT = YES;
			};
			name = Release;
		};
		DFFC44BE20DA19D600094F6F /* Debug */ = {
			isa = XCBuildConfiguration;
			baseConfigurationReference = 3CDF8FDF8659DFAD80321549 /* Pods-HomeyBeta.debug.xcconfig */;
			buildSettings = {
				ASSETCATALOG_COMPILER_APPICON_NAME = AppIcon;
				CODE_SIGN_STYLE = Automatic;
				INFOPLIST_FILE = HomeyBeta/Info.plist;
				LD_RUNPATH_SEARCH_PATHS = (
					"$(inherited)",
					"@executable_path/Frameworks",
				);
				PRODUCT_BUNDLE_IDENTIFIER = HomeyBeta;
				PRODUCT_NAME = "$(TARGET_NAME)";
				SWIFT_VERSION = 4.0;
				TARGETED_DEVICE_FAMILY = "1,2";
			};
			name = Debug;
		};
		DFFC44BF20DA19D600094F6F /* Release */ = {
			isa = XCBuildConfiguration;
			baseConfigurationReference = 08E255699F8B725592664039 /* Pods-HomeyBeta.release.xcconfig */;
			buildSettings = {
				ASSETCATALOG_COMPILER_APPICON_NAME = AppIcon;
				CODE_SIGN_STYLE = Automatic;
				INFOPLIST_FILE = HomeyBeta/Info.plist;
				LD_RUNPATH_SEARCH_PATHS = (
					"$(inherited)",
					"@executable_path/Frameworks",
				);
				PRODUCT_BUNDLE_IDENTIFIER = HomeyBeta;
				PRODUCT_NAME = "$(TARGET_NAME)";
				SWIFT_VERSION = 4.0;
				TARGETED_DEVICE_FAMILY = "1,2";
			};
			name = Release;
		};
		DFFC44C120DA19D600094F6F /* Debug */ = {
			isa = XCBuildConfiguration;
			baseConfigurationReference = 98F222E77804989B7D05A50B /* Pods-HomeyBetaTests.debug.xcconfig */;
			buildSettings = {
				ALWAYS_EMBED_SWIFT_STANDARD_LIBRARIES = YES;
				BUNDLE_LOADER = "$(TEST_HOST)";
				CODE_SIGN_STYLE = Automatic;
				INFOPLIST_FILE = HomeyBetaTests/Info.plist;
				LD_RUNPATH_SEARCH_PATHS = (
					"$(inherited)",
					"@executable_path/Frameworks",
					"@loader_path/Frameworks",
				);
				PRODUCT_BUNDLE_IDENTIFIER = Homey.HomeyBetaTests;
				PRODUCT_NAME = "$(TARGET_NAME)";
				SWIFT_VERSION = 4.0;
				TARGETED_DEVICE_FAMILY = "1,2";
				TEST_HOST = "$(BUILT_PRODUCTS_DIR)/HomeyBeta.app/HomeyBeta";
			};
			name = Debug;
		};
		DFFC44C220DA19D600094F6F /* Release */ = {
			isa = XCBuildConfiguration;
			baseConfigurationReference = CB90E5F1756AA8BDC3A42A9F /* Pods-HomeyBetaTests.release.xcconfig */;
			buildSettings = {
				ALWAYS_EMBED_SWIFT_STANDARD_LIBRARIES = YES;
				BUNDLE_LOADER = "$(TEST_HOST)";
				CODE_SIGN_STYLE = Automatic;
				INFOPLIST_FILE = HomeyBetaTests/Info.plist;
				LD_RUNPATH_SEARCH_PATHS = (
					"$(inherited)",
					"@executable_path/Frameworks",
					"@loader_path/Frameworks",
				);
				PRODUCT_BUNDLE_IDENTIFIER = Homey.HomeyBetaTests;
				PRODUCT_NAME = "$(TARGET_NAME)";
				SWIFT_VERSION = 4.0;
				TARGETED_DEVICE_FAMILY = "1,2";
				TEST_HOST = "$(BUILT_PRODUCTS_DIR)/HomeyBeta.app/HomeyBeta";
			};
			name = Release;
		};
		DFFC44C420DA19D600094F6F /* Debug */ = {
			isa = XCBuildConfiguration;
			baseConfigurationReference = B25D5E691B527AF13A33398B /* Pods-HomeyBetaUITests.debug.xcconfig */;
			buildSettings = {
				ALWAYS_EMBED_SWIFT_STANDARD_LIBRARIES = YES;
				CODE_SIGN_STYLE = Automatic;
				INFOPLIST_FILE = HomeyBetaUITests/Info.plist;
				LD_RUNPATH_SEARCH_PATHS = (
					"$(inherited)",
					"@executable_path/Frameworks",
					"@loader_path/Frameworks",
				);
				PRODUCT_BUNDLE_IDENTIFIER = Homey.HomeyBetaUITests;
				PRODUCT_NAME = "$(TARGET_NAME)";
				SWIFT_VERSION = 4.0;
				TARGETED_DEVICE_FAMILY = "1,2";
				TEST_TARGET_NAME = HomeyBeta;
			};
			name = Debug;
		};
		DFFC44C520DA19D600094F6F /* Release */ = {
			isa = XCBuildConfiguration;
			baseConfigurationReference = 2297F60B4722167BAD83A2D3 /* Pods-HomeyBetaUITests.release.xcconfig */;
			buildSettings = {
				ALWAYS_EMBED_SWIFT_STANDARD_LIBRARIES = YES;
				CODE_SIGN_STYLE = Automatic;
				INFOPLIST_FILE = HomeyBetaUITests/Info.plist;
				LD_RUNPATH_SEARCH_PATHS = (
					"$(inherited)",
					"@executable_path/Frameworks",
					"@loader_path/Frameworks",
				);
				PRODUCT_BUNDLE_IDENTIFIER = Homey.HomeyBetaUITests;
				PRODUCT_NAME = "$(TARGET_NAME)";
				SWIFT_VERSION = 4.0;
				TARGETED_DEVICE_FAMILY = "1,2";
				TEST_TARGET_NAME = HomeyBeta;
			};
			name = Release;
		};
/* End XCBuildConfiguration section */

/* Begin XCConfigurationList section */
		DFFC449020DA19D400094F6F /* Build configuration list for PBXProject "HomeyBeta" */ = {
			isa = XCConfigurationList;
			buildConfigurations = (
				DFFC44BB20DA19D600094F6F /* Debug */,
				DFFC44BC20DA19D600094F6F /* Release */,
			);
			defaultConfigurationIsVisible = 0;
			defaultConfigurationName = Release;
		};
		DFFC44BD20DA19D600094F6F /* Build configuration list for PBXNativeTarget "HomeyBeta" */ = {
			isa = XCConfigurationList;
			buildConfigurations = (
				DFFC44BE20DA19D600094F6F /* Debug */,
				DFFC44BF20DA19D600094F6F /* Release */,
			);
			defaultConfigurationIsVisible = 0;
			defaultConfigurationName = Release;
		};
		DFFC44C020DA19D600094F6F /* Build configuration list for PBXNativeTarget "HomeyBetaTests" */ = {
			isa = XCConfigurationList;
			buildConfigurations = (
				DFFC44C120DA19D600094F6F /* Debug */,
				DFFC44C220DA19D600094F6F /* Release */,
			);
			defaultConfigurationIsVisible = 0;
			defaultConfigurationName = Release;
		};
		DFFC44C320DA19D600094F6F /* Build configuration list for PBXNativeTarget "HomeyBetaUITests" */ = {
			isa = XCConfigurationList;
			buildConfigurations = (
				DFFC44C420DA19D600094F6F /* Debug */,
				DFFC44C520DA19D600094F6F /* Release */,
			);
			defaultConfigurationIsVisible = 0;
			defaultConfigurationName = Release;
		};
/* End XCConfigurationList section */
	};
	rootObject = DFFC448D20DA19D400094F6F /* Project object */;
}
